
Microsoft Visual Studio Solution File, Format Version 12.00
# Visual Studio 2012
Project("{888888A0-9F3D-457C-B088-3A5042F75D52}") = "ShakespearePi", "ShakespearePi.pyproj", "{4BC5D1B3-CE70-47D5-AAC9-EDFD84515EBC}"
EndProject
Project("{888888A0-9F3D-457C-B088-3A5042F75D52}") = "TextToSpeechTests", "..\TextToSpeechTests\TextToSpeechTests.pyproj", "{A90E89F1-254B-4C91-AB2B-FBE5ACC13E8E}"
EndProject
Global
	GlobalSection(SolutionConfigurationPlatforms) = preSolution
		Debug|Any CPU = Debug|Any CPU
		Release|Any CPU = Release|Any CPU
	EndGlobalSection
	GlobalSection(ProjectConfigurationPlatforms) = postSolution
		{4BC5D1B3-CE70-47D5-AAC9-EDFD84515EBC}.Debug|Any CPU.ActiveCfg = Debug|Any CPU
		{4BC5D1B3-CE70-47D5-AAC9-EDFD84515EBC}.Release|Any CPU.ActiveCfg = Release|Any CPU
		{A90E89F1-254B-4C91-AB2B-FBE5ACC13E8E}.Debug|Any CPU.ActiveCfg = Debug|Any CPU
		{A90E89F1-254B-4C91-AB2B-FBE5ACC13E8E}.Release|Any CPU.ActiveCfg = Release|Any CPU
	EndGlobalSection
	GlobalSection(SolutionProperties) = preSolution
		HideSolutionNode = FALSE
	EndGlobalSection
EndGlobal
